// !$*UTF8*$!
{
	archiveVersion = 1;
	classes = {
	};
	objectVersion = 50;
	objects = {

/* Begin PBXBuildFile section */
		D1362FB3247FC47D00B55ECD /* AppDelegate.swift in Sources */ = {isa = PBXBuildFile; fileRef = D1362FB2247FC47D00B55ECD /* AppDelegate.swift */; };
		D1362FB5247FC47D00B55ECD /* SceneDelegate.swift in Sources */ = {isa = PBXBuildFile; fileRef = D1362FB4247FC47D00B55ECD /* SceneDelegate.swift */; };
		D1362FBA247FC47D00B55ECD /* Main.storyboard in Resources */ = {isa = PBXBuildFile; fileRef = D1362FB8247FC47D00B55ECD /* Main.storyboard */; };
		D1362FBC247FC47E00B55ECD /* Assets.xcassets in Resources */ = {isa = PBXBuildFile; fileRef = D1362FBB247FC47E00B55ECD /* Assets.xcassets */; };
		D1362FBF247FC47E00B55ECD /* LaunchScreen.storyboard in Resources */ = {isa = PBXBuildFile; fileRef = D1362FBD247FC47E00B55ECD /* LaunchScreen.storyboard */; };
		D1362FC7247FC62000B55ECD /* TodoListTableViewController.swift in Sources */ = {isa = PBXBuildFile; fileRef = D1362FC6247FC62000B55ECD /* TodoListTableViewController.swift */; };
		D1362FC9247FF79A00B55ECD /* Item.swift in Sources */ = {isa = PBXBuildFile; fileRef = D1362FC8247FF79A00B55ECD /* Item.swift */; };
/* End PBXBuildFile section */

/* Begin PBXFileReference section */
		D1362FAF247FC47D00B55ECD /* Todoey.app */ = {isa = PBXFileReference; explicitFileType = wrapper.application; includeInIndex = 0; path = Todoey.app; sourceTree = BUILT_PRODUCTS_DIR; };
		D1362FB2247FC47D00B55ECD /* AppDelegate.swift */ = {isa = PBXFileReference; lastKnownFileType = sourcecode.swift; path = AppDelegate.swift; sourceTree = "<group>"; };
		D1362FB4247FC47D00B55ECD /* SceneDelegate.swift */ = {isa = PBXFileReference; lastKnownFileType = sourcecode.swift; path = SceneDelegate.swift; sourceTree = "<group>"; };
		D1362FB9247FC47D00B55ECD /* Base */ = {isa = PBXFileReference; lastKnownFileType = file.storyboard; name = Base; path = Base.lproj/Main.storyboard; sourceTree = "<group>"; };
		D1362FBB247FC47E00B55ECD /* Assets.xcassets */ = {isa = PBXFileReference; lastKnownFileType = folder.assetcatalog; path = Assets.xcassets; sourceTree = "<group>"; };
		D1362FBE247FC47E00B55ECD /* Base */ = {isa = PBXFileReference; lastKnownFileType = file.storyboard; name = Base; path = Base.lproj/LaunchScreen.storyboard; sourceTree = "<group>"; };
		D1362FC0247FC47E00B55ECD /* Info.plist */ = {isa = PBXFileReference; lastKnownFileType = text.plist.xml; path = Info.plist; sourceTree = "<group>"; };
		D1362FC6247FC62000B55ECD /* TodoListTableViewController.swift */ = {isa = PBXFileReference; lastKnownFileType = sourcecode.swift; path = TodoListTableViewController.swift; sourceTree = "<group>"; };
		D1362FC8247FF79A00B55ECD /* Item.swift */ = {isa = PBXFileReference; lastKnownFileType = sourcecode.swift; path = Item.swift; sourceTree = "<group>"; };
/* End PBXFileReference section */

/* Begin PBXFrameworksBuildPhase section */
		D1362FAC247FC47D00B55ECD /* Frameworks */ = {
			isa = PBXFrameworksBuildPhase;
			buildActionMask = 2147483647;
			files = (
			);
			runOnlyForDeploymentPostprocessing = 0;
		};
/* End PBXFrameworksBuildPhase section */

/* Begin PBXGroup section */
		D1362FA6247FC47D00B55ECD = {
			isa = PBXGroup;
			children = (
				D1362FB1247FC47D00B55ECD /* Todoey */,
				D1362FB4247FC47D00B55ECD /* SceneDelegate.swift */,
				D1362FB2247FC47D00B55ECD /* AppDelegate.swift */,
				D1362FB0247FC47D00B55ECD /* Products */,
			);
			sourceTree = "<group>";
		};
		D1362FB0247FC47D00B55ECD /* Products */ = {
			isa = PBXGroup;
			children = (
				D1362FAF247FC47D00B55ECD /* Todoey.app */,
			);
			name = Products;
			sourceTree = "<group>";
		};
		D1362FB1247FC47D00B55ECD /* Todoey */ = {
			isa = PBXGroup;
			children = (
				D1362FC0247FC47E00B55ECD /* Info.plist */,
				D1362FCC247FF81300B55ECD /* Views */,
				D1362FCD247FF82900B55ECD /* Supporting Files */,
				D1362FCB247FF80700B55ECD /* Controllers */,
				D1362FCA247FF7F400B55ECD /* Data Model */,
			);
			path = Todoey;
			sourceTree = "<group>";
		};
		D1362FCA247FF7F400B55ECD /* Data Model */ = {
			isa = PBXGroup;
			children = (
				D1362FC8247FF79A00B55ECD /* Item.swift */,
			);
			path = "Data Model";
			sourceTree = "<group>";
		};
		D1362FCB247FF80700B55ECD /* Controllers */ = {
			isa = PBXGroup;
			children = (
				D1362FC6247FC62000B55ECD /* TodoListTableViewController.swift */,
			);
			path = Controllers;
			sourceTree = "<group>";
		};
		D1362FCC247FF81300B55ECD /* Views */ = {
			isa = PBXGroup;
			children = (
				D1362FB8247FC47D00B55ECD /* Main.storyboard */,
			);
			path = Views;
			sourceTree = "<group>";
		};
		D1362FCD247FF82900B55ECD /* Supporting Files */ = {
			isa = PBXGroup;
			children = (
				D1362FBB247FC47E00B55ECD /* Assets.xcassets */,
				D1362FBD247FC47E00B55ECD /* LaunchScreen.storyboard */,
			);
			path = "Supporting Files";
			sourceTree = "<group>";
		};
/* End PBXGroup section */

/* Begin PBXNativeTarget section */
		D1362FAE247FC47D00B55ECD /* Todoey */ = {
			isa = PBXNativeTarget;
			buildConfigurationList = D1362FC3247FC47E00B55ECD /* Build configuration list for PBXNativeTarget "Todoey" */;
			buildPhases = (
				D1362FAB247FC47D00B55ECD /* Sources */,
				D1362FAC247FC47D00B55ECD /* Frameworks */,
				D1362FAD247FC47D00B55ECD /* Resources */,
			);
			buildRules = (
			);
			dependencies = (
			);
			name = Todoey;
			productName = Todoey;
			productReference = D1362FAF247FC47D00B55ECD /* Todoey.app */;
			productType = "com.apple.product-type.application";
		};
/* End PBXNativeTarget section */

/* Begin PBXProject section */
		D1362FA7247FC47D00B55ECD /* Project object */ = {
			isa = PBXProject;
			attributes = {
				LastSwiftUpdateCheck = 1150;
				LastUpgradeCheck = 1150;
				ORGANIZATIONNAME = Furqan;
				TargetAttributes = {
					D1362FAE247FC47D00B55ECD = {
						CreatedOnToolsVersion = 11.5;
					};
				};
			};
			buildConfigurationList = D1362FAA247FC47D00B55ECD /* Build configuration list for PBXProject "Todoey" */;
			compatibilityVersion = "Xcode 9.3";
			developmentRegion = en;
			hasScannedForEncodings = 0;
			knownRegions = (
				en,
				Base,
			);
			mainGroup = D1362FA6247FC47D00B55ECD;
			productRefGroup = D1362FB0247FC47D00B55ECD /* Products */;
			projectDirPath = "";
			projectRoot = "";
			targets = (
				D1362FAE247FC47D00B55ECD /* Todoey */,
			);
		};
/* End PBXProject section */

/* Begin PBXResourcesBuildPhase section */
		D1362FAD247FC47D00B55ECD /* Resources */ = {
			isa = PBXResourcesBuildPhase;
			buildActionMask = 2147483647;
			files = (
				D1362FBF247FC47E00B55ECD /* LaunchScreen.storyboard in Resources */,
				D1362FBC247FC47E00B55ECD /* Assets.xcassets in Resources */,
				D1362FBA247FC47D00B55ECD /* Main.storyboard in Resources */,
			);
			runOnlyForDeploymentPostprocessing = 0;
		};
/* End PBXResourcesBuildPhase section */

/* Begin PBXSourcesBuildPhase section */
		D1362FAB247FC47D00B55ECD /* Sources */ = {
			isa = PBXSourcesBuildPhase;
			buildActionMask = 2147483647;
			files = (
				D1362FC9247FF79A00B55ECD /* Item.swift in Sources */,
				D1362FB3247FC47D00B55ECD /* AppDelegate.swift in Sources */,
				D1362FB5247FC47D00B55ECD /* SceneDelegate.swift in Sources */,
				D1362FC7247FC62000B55ECD /* TodoListTableViewController.swift in Sources */,
			);
			runOnlyForDeploymentPostprocessing = 0;
		};
/* End PBXSourcesBuildPhase section */

/* Begin PBXVariantGroup section */
		D1362FB8247FC47D00B55ECD /* Main.storyboard */ = {
			isa = PBXVariantGroup;
			children = (
				D1362FB9247FC47D00B55ECD /* Base */,
			);
			name = Main.storyboard;
			sourceTree = "<group>";
		};
		D1362FBD247FC47E00B55ECD /* LaunchScreen.storyboard */ = {
			isa = PBXVariantGroup;
			children = (
				D1362FBE247FC47E00B55ECD /* Base */,
			);
			name = LaunchScreen.storyboard;
			sourceTree = "<group>";
		};
/* End PBXVariantGroup section */

/* Begin XCBuildConfiguration section */
		D1362FC1247FC47E00B55ECD /* Debug */ = {
			isa = XCBuildConfiguration;
			buildSettings = {
				ALWAYS_SEARCH_USER_PATHS = NO;
				CLANG_ANALYZER_NONNULL = YES;
				CLANG_ANALYZER_NUMBER_OBJECT_CONVERSION = YES_AGGRESSIVE;
				CLANG_CXX_LANGUAGE_STANDARD = "gnu++14";
				CLANG_CXX_LIBRARY = "libc++";
				CLANG_ENABLE_MODULES = YES;
				CLANG_ENABLE_OBJC_ARC = YES;
				CLANG_ENABLE_OBJC_WEAK = YES;
				CLANG_WARN_BLOCK_CAPTURE_AUTORELEASING = YES;
				CLANG_WARN_BOOL_CONVERSION = YES;
				CLANG_WARN_COMMA = YES;
				CLANG_WARN_CONSTANT_CONVERSION = YES;
				CLANG_WARN_DEPRECATED_OBJC_IMPLEMENTATIONS = YES;
				CLANG_WARN_DIRECT_OBJC_ISA_USAGE = YES_ERROR;
				CLANG_WARN_DOCUMENTATION_COMMENTS = YES;
				CLANG_WARN_EMPTY_BODY = YES;
				CLANG_WARN_ENUM_CONVERSION = YES;
				CLANG_WARN_INFINITE_RECURSION = YES;
				CLANG_WARN_INT_CONVERSION = YES;
				CLANG_WARN_NON_LITERAL_NULL_CONVERSION = YES;
				CLANG_WARN_OBJC_IMPLICIT_RETAIN_SELF = YES;
				CLANG_WARN_OBJC_LITERAL_CONVERSION = YES;
				CLANG_WARN_OBJC_ROOT_CLASS = YES_ERROR;
				CLANG_WARN_RANGE_LOOP_ANALYSIS = YES;
				CLANG_WARN_STRICT_PROTOTYPES = YES;
				CLANG_WARN_SUSPICIOUS_MOVE = YES;
				CLANG_WARN_UNGUARDED_AVAILABILITY = YES_AGGRESSIVE;
				CLANG_WARN_UNREACHABLE_CODE = YES;
				CLANG_WARN__DUPLICATE_METHOD_MATCH = YES;
				COPY_PHASE_STRIP = NO;
				DEBUG_INFORMATION_FORMAT = dwarf;
				ENABLE_STRICT_OBJC_MSGSEND = YES;
				ENABLE_TESTABILITY = YES;
				GCC_C_LANGUAGE_STANDARD = gnu11;
				GCC_DYNAMIC_NO_PIC = NO;
				GCC_NO_COMMON_BLOCKS = YES;
				GCC_OPTIMIZATION_LEVEL = 0;
				GCC_PREPROCESSOR_DEFINITIONS = (
					"DEBUG=1",
					"$(inherited)",
				);
				GCC_WARN_64_TO_32_BIT_CONVERSION = YES;
				GCC_WARN_ABOUT_RETURN_TYPE = YES_ERROR;
				GCC_WARN_UNDECLARED_SELECTOR = YES;
				GCC_WARN_UNINITIALIZED_AUTOS = YES_AGGRESSIVE;
				GCC_WARN_UNUSED_FUNCTION = YES;
				GCC_WARN_UNUSED_VARIABLE = YES;
				IPHONEOS_DEPLOYMENT_TARGET = 13.5;
				MTL_ENABLE_DEBUG_INFO = INCLUDE_SOURCE;
				MTL_FAST_MATH = YES;
				ONLY_ACTIVE_ARCH = YES;
				SDKROOT = iphoneos;
				SWIFT_ACTIVE_COMPILATION_CONDITIONS = DEBUG;
				SWIFT_OPTIMIZATION_LEVEL = "-Onone";
			};
			name = Debug;
		};
		D1362FC2247FC47E00B55ECD /* Release */ = {
			isa = XCBuildConfiguration;
			buildSettings = {
				ALWAYS_SEARCH_USER_PATHS = NO;
				CLANG_ANALYZER_NONNULL = YES;
				CLANG_ANALYZER_NUMBER_OBJECT_CONVERSION = YES_AGGRESSIVE;
				CLANG_CXX_LANGUAGE_STANDARD = "gnu++14";
				CLANG_CXX_LIBRARY = "libc++";
				CLANG_ENABLE_MODULES = YES;
				CLANG_ENABLE_OBJC_ARC = YES;
				CLANG_ENABLE_OBJC_WEAK = YES;
				CLANG_WARN_BLOCK_CAPTURE_AUTORELEASING = YES;
				CLANG_WARN_BOOL_CONVERSION = YES;
				CLANG_WARN_COMMA = YES;
				CLANG_WARN_CONSTANT_CONVERSION = YES;
				CLANG_WARN_DEPRECATED_OBJC_IMPLEMENTATIONS = YES;
				CLANG_WARN_DIRECT_OBJC_ISA_USAGE = YES_ERROR;
				CLANG_WARN_DOCUMENTATION_COMMENTS = YES;
				CLANG_WARN_EMPTY_BODY = YES;
				CLANG_WARN_ENUM_CONVERSION = YES;
				CLANG_WARN_INFINITE_RECURSION = YES;
				CLANG_WARN_INT_CONVERSION = YES;
				CLANG_WARN_NON_LITERAL_NULL_CONVERSION = YES;
				CLANG_WARN_OBJC_IMPLICIT_RETAIN_SELF = YES;
				CLANG_WARN_OBJC_LITERAL_CONVERSION = YES;
				CLANG_WARN_OBJC_ROOT_CLASS = YES_ERROR;
				CLANG_WARN_RANGE_LOOP_ANALYSIS = YES;
				CLANG_WARN_STRICT_PROTOTYPES = YES;
				CLANG_WARN_SUSPICIOUS_MOVE = YES;
				CLANG_WARN_UNGUARDED_AVAILABILITY = YES_AGGRESSIVE;
				CLANG_WARN_UNREACHABLE_CODE = YES;
				CLANG_WARN__DUPLICATE_METHOD_MATCH = YES;
				COPY_PHASE_STRIP = NO;
				DEBUG_INFORMATION_FORMAT = "dwarf-with-dsym";
				ENABLE_NS_ASSERTIONS = NO;
				ENABLE_STRICT_OBJC_MSGSEND = YES;
				GCC_C_LANGUAGE_STANDARD = gnu11;
				GCC_NO_COMMON_BLOCKS = YES;
				GCC_WARN_64_TO_32_BIT_CONVERSION = YES;
				GCC_WARN_ABOUT_RETURN_TYPE = YES_ERROR;
				GCC_WARN_UNDECLARED_SELECTOR = YES;
				GCC_WARN_UNINITIALIZED_AUTOS = YES_AGGRESSIVE;
				GCC_WARN_UNUSED_FUNCTION = YES;
				GCC_WARN_UNUSED_VARIABLE = YES;
				IPHONEOS_DEPLOYMENT_TARGET = 13.5;
				MTL_ENABLE_DEBUG_INFO = NO;
				MTL_FAST_MATH = YES;
				SDKROOT = iphoneos;
				SWIFT_COMPILATION_MODE = wholemodule;
				SWIFT_OPTIMIZATION_LEVEL = "-O";
				VALIDATE_PRODUCT = YES;
			};
			name = Release;
		};
		D1362FC4247FC47E00B55ECD /* Debug */ = {
			isa = XCBuildConfiguration;
			buildSettings = {
				ASSETCATALOG_COMPILER_APPICON_NAME = AppIcon;
				CODE_SIGN_STYLE = Automatic;
				INFOPLIST_FILE = Todoey/Info.plist;
				LD_RUNPATH_SEARCH_PATHS = (
					"$(inherited)",
					"@executable_path/Frameworks",
				);
				PRODUCT_BUNDLE_IDENTIFIER = com.datascience247.Todoey;
				PRODUCT_NAME = "$(TARGET_NAME)";
				SWIFT_VERSION = 5.0;
				TARGETED_DEVICE_FAMILY = "1,2";
			};
			name = Debug;
		};
		D1362FC5247FC47E00B55ECD /* Release */ = {
			isa = XCBuildConfiguration;
			buildSettings = {
				ASSETCATALOG_COMPILER_APPICON_NAME = AppIcon;
				CODE_SIGN_STYLE = Automatic;
				INFOPLIST_FILE = Todoey/Info.plist;
				LD_RUNPATH_SEARCH_PATHS = (
					"$(inherited)",
					"@executable_path/Frameworks",
				);
				PRODUCT_BUNDLE_IDENTIFIER = com.datascience247.Todoey;
				PRODUCT_NAME = "$(TARGET_NAME)";
				SWIFT_VERSION = 5.0;
				TARGETED_DEVICE_FAMILY = "1,2";
			};
			name = Release;
		};
/* End XCBuildConfiguration section */

/* Begin XCConfigurationList section */
		D1362FAA247FC47D00B55ECD /* Build configuration list for PBXProject "Todoey" */ = {
			isa = XCConfigurationList;
			buildConfigurations = (
				D1362FC1247FC47E00B55ECD /* Debug */,
				D1362FC2247FC47E00B55ECD /* Release */,
			);
			defaultConfigurationIsVisible = 0;
			defaultConfigurationName = Release;
		};
		D1362FC3247FC47E00B55ECD /* Build configuration list for PBXNativeTarget "Todoey" */ = {
			isa = XCConfigurationList;
			buildConfigurations = (
				D1362FC4247FC47E00B55ECD /* Debug */,
				D1362FC5247FC47E00B55ECD /* Release */,
			);
			defaultConfigurationIsVisible = 0;
			defaultConfigurationName = Release;
		};
/* End XCConfigurationList section */
	};
	rootObject = D1362FA7247FC47D00B55ECD /* Project object */;
}
